<?xml version="1.0" encoding="utf-8"?>
<Project ToolsVersion="4.0" xmlns="http://schemas.microsoft.com/developer/msbuild/2003">
  <ItemGroup>
    <Filter Include="Scripts">
      <UniqueIdentifier>{522114C5-C57D-43CD-A82F-0A00A0012F29}</UniqueIdentifier>
      <Extensions>bat</Extensions>
    </Filter>
    <Filter Include="Source Files">
      <UniqueIdentifier>{1885FB88-9543-4F1A-A391-C8B78E79FB78}</UniqueIdentifier>
      <Extensions>k65</Extensions>
    </Filter>
  </ItemGroup>
  <ItemGroup>
    <None Include="!run.bat">
      <Filter>Scripts</Filter>
    </None>
    <None Include="Derivative_2600.lst" />
    <None Include="bank_defs.k65">
      <Filter>Source Files</Filter>
    </None>
    <None Include="common.k65">
      <Filter>Source Files</Filter>
    </None>
    <None Include="data_1.k65">
      <Filter>Source Files</Filter>
    </None>
    <None Include="data_2.k65">
      <Filter>Source Files</Filter>
    </None>
    <None Include="data_3.k65">
      <Filter>Source Files</Filter>
    </None>
    <None Include="data_4.k65">
      <Filter>Source Files</Filter>
    </None>
    <None Include="data_5.k65">
      <Filter>Source Files</Filter>
    </None>
    <None Include="main.k65">
      <Filter>Source Files</Filter>
    </None>
    <None Include="music_player_mini.k65">
      <Filter>Source Files</Filter>
    </None>
    <None Include="music_song_mini.k65">
      <Filter>Source Files</Filter>
    </None>
    <None Include="rubber.k65">
      <Filter>Source Files</Filter>
    </None>
    <None Include="vcs_defs.k65">
      <Filter>Source Files</Filter>
    </None>
  </ItemGroup>
</Project>
