<?xml version="1.0" encoding="utf-8"?>
<Project ToolsVersion="4.0" xmlns="http://schemas.microsoft.com/developer/msbuild/2003">
  <ItemGroup>
    <Filter Include="Scripts">
      <UniqueIdentifier>{75905C6F-7AFB-4B9C-A1F1-005B9770C01C}</UniqueIdentifier>
      <Extensions>bat</Extensions>
    </Filter>
    <Filter Include="Source Files">
      <UniqueIdentifier>{BAFF0783-C6A6-4A34-AD12-7D8BF72A3829}</UniqueIdentifier>
      <Extensions>k65</Extensions>
    </Filter>
  </ItemGroup>
  <ItemGroup>
    <None Include="!run.bat">
      <Filter>Scripts</Filter>
    </None>
    <None Include="_defs.k65">
      <Filter>Source Files</Filter>
    </None>
    <None Include="files.lst" />
    <None Include="main.k65">
      <Filter>Source Files</Filter>
    </None>
  </ItemGroup>
</Project>
