<?xml version="1.0" encoding="utf-8"?>
<Project ToolsVersion="4.0" xmlns="http://schemas.microsoft.com/developer/msbuild/2003">
  <ItemGroup>
    <Filter Include="Cube">
      <UniqueIdentifier>{B4DEFBC4-71EB-4CBD-A595-62053FA9847B}</UniqueIdentifier>
    </Filter>
    <Filter Include="Fireworks">
      <UniqueIdentifier>{EF7BA691-BA7C-42ED-AAFE-0C351F952F56}</UniqueIdentifier>
    </Filter>
    <Filter Include="Greetings">
      <UniqueIdentifier>{FAFCBA62-7EFE-4961-AF4D-39CC154E704B}</UniqueIdentifier>
    </Filter>
    <Filter Include="Intro">
      <UniqueIdentifier>{988FB5C5-62D4-4021-AE98-7748EFE7DFF4}</UniqueIdentifier>
    </Filter>
    <Filter Include="Lines">
      <UniqueIdentifier>{ED884FA1-4B99-4717-A98D-AE84027CA226}</UniqueIdentifier>
    </Filter>
    <Filter Include="Music">
      <UniqueIdentifier>{A3C44F41-6D0D-4225-A65E-7E6B42108554}</UniqueIdentifier>
    </Filter>
    <Filter Include="Roxbox">
      <UniqueIdentifier>{32081660-262C-45CD-A5E7-5FE6ABD51CE1}</UniqueIdentifier>
    </Filter>
    <Filter Include="Scripts">
      <UniqueIdentifier>{B5859ED2-3A77-457A-AF6C-A107379BB49F}</UniqueIdentifier>
      <Extensions>bat</Extensions>
    </Filter>
    <Filter Include="Title">
      <UniqueIdentifier>{C022BC28-9C25-4162-A054-C10F50B9E0CA}</UniqueIdentifier>
    </Filter>
  </ItemGroup>
  <ItemGroup>
    <None Include="!run.bat">
      <Filter>Scripts</Filter>
    </None>
    <None Include="Cube\cube.k65">
      <Filter>Cube</Filter>
    </None>
    <None Include="Cube\cube_data.k65">
      <Filter>Cube</Filter>
    </None>
    <None Include="Cube\cube_ptr_hi.k65">
      <Filter>Cube</Filter>
    </None>
    <None Include="Cube\cube_ptr_lo.k65">
      <Filter>Cube</Filter>
    </None>
    <None Include="Cube\cube_show_cannot.k65">
      <Filter>Cube</Filter>
    </None>
    <None Include="Cube\cube_show_convinced.k65">
      <Filter>Cube</Filter>
    </None>
    <None Include="Cube\cube_show_stock.k65">
      <Filter>Cube</Filter>
    </None>
    <None Include="Cube\cube_sizes.k65">
      <Filter>Cube</Filter>
    </None>
    <None Include="Cube\cube_support_fetch.k65">
      <Filter>Cube</Filter>
    </None>
    <None Include="Cube\cube_support_ptr.k65">
      <Filter>Cube</Filter>
    </None>
    <None Include="Cube\cube_text.k65">
      <Filter>Cube</Filter>
    </None>
    <None Include="Fireworks\fireworks.k65">
      <Filter>Fireworks</Filter>
    </None>
    <None Include="Fireworks\fireworks_data.k65">
      <Filter>Fireworks</Filter>
    </None>
    <None Include="Greetings\greetings.k65">
      <Filter>Greetings</Filter>
    </None>
    <None Include="Greetings\greetings_data.k65">
      <Filter>Greetings</Filter>
    </None>
    <None Include="Greetings\greetings_support.k65">
      <Filter>Greetings</Filter>
    </None>
    <None Include="Intro\intro.k65">
      <Filter>Intro</Filter>
    </None>
    <None Include="Intro\intro_data.k65">
      <Filter>Intro</Filter>
    </None>
    <None Include="Lines\lines.k65">
      <Filter>Lines</Filter>
    </None>
    <None Include="Lines\lines_data.k65">
      <Filter>Lines</Filter>
    </None>
    <None Include="Music\music.k65">
      <Filter>Music</Filter>
    </None>
    <None Include="Music\music_player_mini.k65">
      <Filter>Music</Filter>
    </None>
    <None Include="Music\music_song_mini.k65">
      <Filter>Music</Filter>
    </None>
    <None Include="Roxbox\roxbox.k65">
      <Filter>Roxbox</Filter>
    </None>
    <None Include="Roxbox\roxbox_data.k65">
      <Filter>Roxbox</Filter>
    </None>
    <None Include="Title\title.k65">
      <Filter>Title</Filter>
    </None>
    <None Include="Title\title_data.k65">
      <Filter>Title</Filter>
    </None>
    <None Include="ascend.lst" />
    <None Include="ascend_defs.k65" />
    <None Include="common.k65" />
    <None Include="main.k65" />
    <None Include="vcs_defs.k65" />
  </ItemGroup>
</Project>
