
Microsoft Visual Studio Solution File, Format Version 12.00
# Visual Studio 14
VisualStudioVersion = 14.0.24720.0
MinimumVisualStudioVersion = 10.0.40219.1
Project("{8BC9CEB8-8B4A-11D0-8D11-00A0C91BC942}") = "a2600-tutorial-01", "a2600-tutorial-01\a2600-tutorial-01.vcxproj", "{72D22EEA-263E-4419-A2D1-508E3827E9DD}"
Project("{8BC9CEB8-8B4A-11D0-8D11-00A0C91BC942}") = "a2600-tutorial-02", "a2600-tutorial-02\a2600-tutorial-02.vcxproj", "{F5F170A8-94B4-4809-A414-6A247B794978}"
Project("{8BC9CEB8-8B4A-11D0-8D11-00A0C91BC942}") = "a2600-tutorial-03", "a2600-tutorial-03\a2600-tutorial-03.vcxproj", "{8F4EF407-7E98-44F8-A466-777D82912EE0}"
Project("{8BC9CEB8-8B4A-11D0-8D11-00A0C91BC942}") = "atari-xl-simple", "atari-xl-simple\atari-xl-simple.vcxproj", "{A357E381-CE6E-4F85-A160-064A726CDF25}"
Project("{8BC9CEB8-8B4A-11D0-8D11-00A0C91BC942}") = "c64-simple", "c64-simple\c64-simple.vcxproj", "{F80A47B7-3F4D-435C-A83B-269DE4FC7116}"
Project("{8BC9CEB8-8B4A-11D0-8D11-00A0C91BC942}") = "demo-a2600-ascend", "demo-a2600-ascend\demo-a2600-ascend.vcxproj", "{073EC27A-EC55-4CFD-A5F1-C71CDACCD51E}"
Project("{8BC9CEB8-8B4A-11D0-8D11-00A0C91BC942}") = "demo-a2600-ataventure", "demo-a2600-ataventure\demo-a2600-ataventure.vcxproj", "{505E3CA8-AE80-48D5-AFF5-1CEF6A1A616F}"
Project("{8BC9CEB8-8B4A-11D0-8D11-00A0C91BC942}") = "demo-a2600-derivative2600", "demo-a2600-derivative2600\demo-a2600-derivative2600.vcxproj", "{7FC9CC00-CFEB-4298-A58A-B3C15826BB19}"
Global
	GlobalSection(SolutionConfigurationPlatforms) = preSolution
		Debug|Win32 = Debug|Win32
		Release|Win32 = Release|Win32
	EndGlobalSection
	GlobalSection(ProjectConfigurationPlatforms) = postSolution
		{72D22EEA-263E-4419-A2D1-508E3827E9DD}.Debug|Win32.ActiveCfg = Debug|Win32
		{72D22EEA-263E-4419-A2D1-508E3827E9DD}.Debug|Win32.Build.0 = Debug|Win32
		{72D22EEA-263E-4419-A2D1-508E3827E9DD}.Release|Win32.ActiveCfg = Release|Win32
		{72D22EEA-263E-4419-A2D1-508E3827E9DD}.Release|Win32.Build.0 = Release|Win32
		{F5F170A8-94B4-4809-A414-6A247B794978}.Debug|Win32.ActiveCfg = Debug|Win32
		{F5F170A8-94B4-4809-A414-6A247B794978}.Debug|Win32.Build.0 = Debug|Win32
		{F5F170A8-94B4-4809-A414-6A247B794978}.Release|Win32.ActiveCfg = Release|Win32
		{F5F170A8-94B4-4809-A414-6A247B794978}.Release|Win32.Build.0 = Release|Win32
		{8F4EF407-7E98-44F8-A466-777D82912EE0}.Debug|Win32.ActiveCfg = Debug|Win32
		{8F4EF407-7E98-44F8-A466-777D82912EE0}.Debug|Win32.Build.0 = Debug|Win32
		{8F4EF407-7E98-44F8-A466-777D82912EE0}.Release|Win32.ActiveCfg = Release|Win32
		{8F4EF407-7E98-44F8-A466-777D82912EE0}.Release|Win32.Build.0 = Release|Win32
		{A357E381-CE6E-4F85-A160-064A726CDF25}.Debug|Win32.ActiveCfg = Debug|Win32
		{A357E381-CE6E-4F85-A160-064A726CDF25}.Debug|Win32.Build.0 = Debug|Win32
		{A357E381-CE6E-4F85-A160-064A726CDF25}.Release|Win32.ActiveCfg = Release|Win32
		{A357E381-CE6E-4F85-A160-064A726CDF25}.Release|Win32.Build.0 = Release|Win32
		{F80A47B7-3F4D-435C-A83B-269DE4FC7116}.Debug|Win32.ActiveCfg = Debug|Win32
		{F80A47B7-3F4D-435C-A83B-269DE4FC7116}.Debug|Win32.Build.0 = Debug|Win32
		{F80A47B7-3F4D-435C-A83B-269DE4FC7116}.Release|Win32.ActiveCfg = Release|Win32
		{F80A47B7-3F4D-435C-A83B-269DE4FC7116}.Release|Win32.Build.0 = Release|Win32
		{073EC27A-EC55-4CFD-A5F1-C71CDACCD51E}.Debug|Win32.ActiveCfg = Debug|Win32
		{073EC27A-EC55-4CFD-A5F1-C71CDACCD51E}.Debug|Win32.Build.0 = Debug|Win32
		{073EC27A-EC55-4CFD-A5F1-C71CDACCD51E}.Release|Win32.ActiveCfg = Release|Win32
		{073EC27A-EC55-4CFD-A5F1-C71CDACCD51E}.Release|Win32.Build.0 = Release|Win32
		{505E3CA8-AE80-48D5-AFF5-1CEF6A1A616F}.Debug|Win32.ActiveCfg = Debug|Win32
		{505E3CA8-AE80-48D5-AFF5-1CEF6A1A616F}.Debug|Win32.Build.0 = Debug|Win32
		{505E3CA8-AE80-48D5-AFF5-1CEF6A1A616F}.Release|Win32.ActiveCfg = Release|Win32
		{505E3CA8-AE80-48D5-AFF5-1CEF6A1A616F}.Release|Win32.Build.0 = Release|Win32
		{7FC9CC00-CFEB-4298-A58A-B3C15826BB19}.Debug|Win32.ActiveCfg = Debug|Win32
		{7FC9CC00-CFEB-4298-A58A-B3C15826BB19}.Debug|Win32.Build.0 = Debug|Win32
		{7FC9CC00-CFEB-4298-A58A-B3C15826BB19}.Release|Win32.ActiveCfg = Release|Win32
		{7FC9CC00-CFEB-4298-A58A-B3C15826BB19}.Release|Win32.Build.0 = Release|Win32
	EndGlobalSection
	GlobalSection(SolutionProperties) = preSolution
		HideSolutionNode = FALSE
	EndGlobalSection
EndGlobal
