<?xml version="1.0" encoding="utf-8"?>
<Project ToolsVersion="4.0" xmlns="http://schemas.microsoft.com/developer/msbuild/2003">
  <ItemGroup>
    <Filter Include="Scripts">
      <UniqueIdentifier>{6BBD5524-D806-42D8-AA1B-AAA1C2007BCD}</UniqueIdentifier>
      <Extensions>bat</Extensions>
    </Filter>
    <Filter Include="Source Files">
      <UniqueIdentifier>{9811B072-ADC1-4E27-A4C0-BE4EBAFFB346}</UniqueIdentifier>
      <Extensions>k65</Extensions>
    </Filter>
  </ItemGroup>
  <ItemGroup>
    <None Include="!run.bat">
      <Filter>Scripts</Filter>
    </None>
    <None Include="files.lst" />
    <None Include="main_c64.k65">
      <Filter>Source Files</Filter>
    </None>
  </ItemGroup>
</Project>
